
Microsoft Visual Studio Solution File, Format Version 12.00
# Visual Studio Version 17
VisualStudioVersion = 17.5.002.0
MinimumVisualStudioVersion = 10.0.40219.1
Project("{9A19103F-16F7-4668-BE54-9A1E7A4F7556}") = "exam-react-net", "exam-react-net.csproj", "{7F2E462A-B364-4BB5-B8B1-5C8DD603909B}"
EndProject
Global
	GlobalSection(SolutionConfigurationPlatforms) = preSolution
		Debug|Any CPU = Debug|Any CPU
		Release|Any CPU = Release|Any CPU
	EndGlobalSection
	GlobalSection(ProjectConfigurationPlatforms) = postSolution
		{7F2E462A-B364-4BB5-B8B1-5C8DD603909B}.Debug|Any CPU.ActiveCfg = Debug|Any CPU
		{7F2E462A-B364-4BB5-B8B1-5C8DD603909B}.Debug|Any CPU.Build.0 = Debug|Any CPU
		{7F2E462A-B364-4BB5-B8B1-5C8DD603909B}.Release|Any CPU.ActiveCfg = Release|Any CPU
		{7F2E462A-B364-4BB5-B8B1-5C8DD603909B}.Release|Any CPU.Build.0 = Release|Any CPU
	EndGlobalSection
	GlobalSection(SolutionProperties) = preSolution
		HideSolutionNode = FALSE
	EndGlobalSection
	GlobalSection(ExtensibilityGlobals) = postSolution
		SolutionGuid = {91235E19-D0D3-4655-A26B-6D4F75850B1F}
	EndGlobalSection
EndGlobal
